
Microsoft Visual Studio Solution File, Format Version 12.00
# Visual Studio Version 16
VisualStudioVersion = 16.0.31019.35
MinimumVisualStudioVersion = 10.0.40219.1
Project("{FAE04EC0-301F-11D3-BF4B-00C04F79EFBC}") = "Ex2_ClasaTime", "Ex2_ClasaTime\Ex2_ClasaTime.csproj", "{FB7D484B-3C43-4A44-8947-2B4F554F316E}"
EndProject
Global
	GlobalSection(SolutionConfigurationPlatforms) = preSolution
		Debug|Any CPU = Debug|Any CPU
		Release|Any CPU = Release|Any CPU
	EndGlobalSection
	GlobalSection(ProjectConfigurationPlatforms) = postSolution
		{FB7D484B-3C43-4A44-8947-2B4F554F316E}.Debug|Any CPU.ActiveCfg = Debug|Any CPU
		{FB7D484B-3C43-4A44-8947-2B4F554F316E}.Debug|Any CPU.Build.0 = Debug|Any CPU
		{FB7D484B-3C43-4A44-8947-2B4F554F316E}.Release|Any CPU.ActiveCfg = Release|Any CPU
		{FB7D484B-3C43-4A44-8947-2B4F554F316E}.Release|Any CPU.Build.0 = Release|Any CPU
	EndGlobalSection
	GlobalSection(SolutionProperties) = preSolution
		HideSolutionNode = FALSE
	EndGlobalSection
	GlobalSection(ExtensibilityGlobals) = postSolution
		SolutionGuid = {49DFAC9C-38C7-4F6A-8235-5C93BE374C9F}
	EndGlobalSection
EndGlobal
